{
  "name": "frontend",
  "lockfileVersion": 3,
  "requires": true,
  "packages": {
    "": {
      "devDependencies": {
        "@angular/compiler": "^18.0.3"
      }
    },
    "node_modules/@angular/compiler": {
      "version": "18.0.3",
      "resolved": "https://registry.npmjs.org/@angular/compiler/-/compiler-18.0.3.tgz",
      "integrity": "sha512-wrXxgBsZX4yTrj/oZ8PDGmvhqj9S2TZfcuivaUitprNC2uBWTVb1UcOS45Qw9YlLB0sYa2AmBudICDqYpb8lfw==",
      "dev": true,
      "license": "MIT",
      "dependencies": {
        "tslib": "^2.3.0"
      },
      "engines": {
        "node": "^18.19.1 || ^20.11.1 || >=22.0.0"
      },
      "peerDependencies": {
        "@angular/core": "18.0.3"
      },
      "peerDependenciesMeta": {
        "@angular/core": {
          "optional": true
        }
      }
    },
    "node_modules/tslib": {
      "version": "2.6.3",
      "resolved": "https://registry.npmjs.org/tslib/-/tslib-2.6.3.tgz",
      "integrity": "sha512-xNvxJEOUiWPGhUuUdQgAJPKOOJfGnIyKySOc09XkKsgdUV/3E2zvwZYdejjmRgPCgcym1juLH3226yA7sEFJKQ==",
      "dev": true,
      "license": "0BSD"
    }
  }
}
